
Microsoft Visual Studio Solution File, Format Version 12.00
# Visual Studio 15
VisualStudioVersion = 15.0.27428.2015
MinimumVisualStudioVersion = 10.0.40219.1
Project("{8BC9CEB8-8B4A-11D0-8D11-00A0C91BC942}") = "PhysicallyBasedRendering", "PhysicallyBasedRendering.vcxproj", "{1B861731-22FB-469D-851F-D836208BD856}"
EndProject
Global
	GlobalSection(SolutionConfigurationPlatforms) = preSolution
		Debug|x64 = Debug|x64
		Debug|x86 = Debug|x86
		Release|x64 = Release|x64
		Release|x86 = Release|x86
	EndGlobalSection
	GlobalSection(ProjectConfigurationPlatforms) = postSolution
		{1B861731-22FB-469D-851F-D836208BD856}.Debug|x64.ActiveCfg = Debug|x64
		{1B861731-22FB-469D-851F-D836208BD856}.Debug|x64.Build.0 = Debug|x64
		{1B861731-22FB-469D-851F-D836208BD856}.Debug|x86.ActiveCfg = Debug|Win32
		{1B861731-22FB-469D-851F-D836208BD856}.Debug|x86.Build.0 = Debug|Win32
		{1B861731-22FB-469D-851F-D836208BD856}.Release|x64.ActiveCfg = Release|x64
		{1B861731-22FB-469D-851F-D836208BD856}.Release|x64.Build.0 = Release|x64
		{1B861731-22FB-469D-851F-D836208BD856}.Release|x86.ActiveCfg = Release|Win32
		{1B861731-22FB-469D-851F-D836208BD856}.Release|x86.Build.0 = Release|Win32
	EndGlobalSection
	GlobalSection(SolutionProperties) = preSolution
		HideSolutionNode = FALSE
	EndGlobalSection
	GlobalSection(ExtensibilityGlobals) = postSolution
		SolutionGuid = {C1517A5D-812F-4F34-B33E-D1FB24D9A742}
	EndGlobalSection
EndGlobal
