<?xml version="1.0" encoding="utf-8"?>
<Project ToolsVersion="4.0" xmlns="http://schemas.microsoft.com/developer/msbuild/2003">
  <ItemGroup>
    <Filter Include="Source Files">
      <UniqueIdentifier>{4FC737F1-C7A5-4376-A066-2A32D752A2FF}</UniqueIdentifier>
      <Extensions>cpp;c;cc;cxx;def;odl;idl;hpj;bat;asm;asmx</Extensions>
    </Filter>
    <Filter Include="Header Files">
      <UniqueIdentifier>{93995380-89BD-4b04-88EB-625FBE52EBFB}</UniqueIdentifier>
      <Extensions>h;hh;hpp;hxx;hm;inl;inc;xsd</Extensions>
    </Filter>
    <Filter Include="Resource Files">
      <UniqueIdentifier>{67DA6AB6-F800-4c08-8B7A-83BB121AAD01}</UniqueIdentifier>
      <Extensions>rc;ico;cur;bmp;dlg;rc2;rct;bin;rgs;gif;jpg;jpeg;jpe;resx;tiff;tif;png;wav</Extensions>
    </Filter>
    <Filter Include="Header Files\Cameras">
      <UniqueIdentifier>{dedf1ed6-2ae9-4c6a-a6a3-2d6bcb88e723}</UniqueIdentifier>
    </Filter>
    <Filter Include="Header Files\Rays">
      <UniqueIdentifier>{60d007f3-3401-447c-b2d5-50816be2e74b}</UniqueIdentifier>
    </Filter>
    <Filter Include="Header Files\Data Structures">
      <UniqueIdentifier>{9e47a335-2722-4a2a-9793-9cd8b3ed4f1b}</UniqueIdentifier>
    </Filter>
    <Filter Include="Header Files\World">
      <UniqueIdentifier>{d6781e9a-5559-4942-a31c-311663e0b44c}</UniqueIdentifier>
    </Filter>
    <Filter Include="Source Files\Cameras">
      <UniqueIdentifier>{efd8d482-90d5-49f3-a889-3fcd02011345}</UniqueIdentifier>
    </Filter>
    <Filter Include="Source Files\Data Structures">
      <UniqueIdentifier>{53fca4bd-6f04-4627-8155-c5175238ce59}</UniqueIdentifier>
    </Filter>
    <Filter Include="Source Files\Rays">
      <UniqueIdentifier>{d7411197-715f-43d6-bbe1-212299cad1cf}</UniqueIdentifier>
    </Filter>
    <Filter Include="Source Files\World">
      <UniqueIdentifier>{120ddda9-2e04-488c-941d-1ddd1ad36b9b}</UniqueIdentifier>
    </Filter>
  </ItemGroup>
  <ItemGroup>
    <ClCompile Include="main.cpp">
      <Filter>Source Files</Filter>
    </ClCompile>
    <ClCompile Include="Cameras\buffer.cpp">
      <Filter>Source Files\Cameras</Filter>
    </ClCompile>
    <ClCompile Include="Cameras\camera.cpp">
      <Filter>Source Files\Cameras</Filter>
    </ClCompile>
    <ClCompile Include="Cameras\orthographic_camera.cpp">
      <Filter>Source Files\Cameras</Filter>
    </ClCompile>
    <ClCompile Include="Cameras\perspective_camera.cpp">
      <Filter>Source Files\Cameras</Filter>
    </ClCompile>
    <ClCompile Include="Data Structures\onb.cpp">
      <Filter>Source Files\Data Structures</Filter>
    </ClCompile>
    <ClCompile Include="Rays\ray.cpp">
      <Filter>Source Files\Rays</Filter>
    </ClCompile>
    <ClCompile Include="Rays\raytracer.cpp">
      <Filter>Source Files\Rays</Filter>
    </ClCompile>
    <ClCompile Include="World\primitive.cpp">
      <Filter>Source Files\World</Filter>
    </ClCompile>
    <ClCompile Include="World\scene.cpp">
      <Filter>Source Files\World</Filter>
    </ClCompile>
    <ClCompile Include="World\sphere.cpp">
      <Filter>Source Files\World</Filter>
    </ClCompile>
    <ClCompile Include="World\triangle.cpp">
      <Filter>Source Files\World</Filter>
    </ClCompile>
    <ClCompile Include="World\material.cpp">
      <Filter>Source Files\World</Filter>
    </ClCompile>
    <ClCompile Include="World\diffuseMaterial.cpp">
      <Filter>Source Files\World</Filter>
    </ClCompile>
    <ClCompile Include="Rays\pathtracer.cpp">
      <Filter>Source Files\Rays</Filter>
    </ClCompile>
    <ClCompile Include="World\lightMaterial.cpp">
      <Filter>Source Files</Filter>
    </ClCompile>
  </ItemGroup>
  <ItemGroup>
    <ClInclude Include="Cameras\buffer.h">
      <Filter>Header Files\Cameras</Filter>
    </ClInclude>
    <ClInclude Include="Cameras\camera.h">
      <Filter>Header Files\Cameras</Filter>
    </ClInclude>
    <ClInclude Include="Cameras\orthographic_camera.h">
      <Filter>Header Files\Cameras</Filter>
    </ClInclude>
    <ClInclude Include="Cameras\perspective_camera.h">
      <Filter>Header Files\Cameras</Filter>
    </ClInclude>
    <ClInclude Include="Data Structures\onb.h">
      <Filter>Header Files\Data Structures</Filter>
    </ClInclude>
    <ClInclude Include="main.h">
      <Filter>Header Files</Filter>
    </ClInclude>
    <ClInclude Include="Rays\intersection_record.h">
      <Filter>Header Files\Rays</Filter>
    </ClInclude>
    <ClInclude Include="Rays\ray.h">
      <Filter>Header Files\Rays</Filter>
    </ClInclude>
    <ClInclude Include="Rays\raytracer.h">
      <Filter>Header Files\Rays</Filter>
    </ClInclude>
    <ClInclude Include="World\primitive.h">
      <Filter>Header Files\World</Filter>
    </ClInclude>
    <ClInclude Include="World\scene.h">
      <Filter>Header Files\World</Filter>
    </ClInclude>
    <ClInclude Include="World\sphere.h">
      <Filter>Header Files\World</Filter>
    </ClInclude>
    <ClInclude Include="World\triangle.h">
      <Filter>Header Files\World</Filter>
    </ClInclude>
    <ClInclude Include="World\material.h">
      <Filter>Header Files\World</Filter>
    </ClInclude>
    <ClInclude Include="World\diffuseMaterial.h">
      <Filter>Header Files\World</Filter>
    </ClInclude>
    <ClInclude Include="Rays\pathtracer.h">
      <Filter>Header Files\Rays</Filter>
    </ClInclude>
    <ClInclude Include="World\lightMaterial.h">
      <Filter>Header Files</Filter>
    </ClInclude>
  </ItemGroup>
</Project>